// !$*UTF8*$!
{
	archiveVersion = 1;
	classes = {
	};
	objectVersion = 50;
	objects = {

/* Begin PBXBuildFile section */
		AB4BB63223E06EF200772F6F /* AppDelegate.swift in Sources */ = {isa = PBXBuildFile; fileRef = AB4BB63123E06EF200772F6F /* AppDelegate.swift */; };
		AB4BB63423E06EF200772F6F /* ViewController.swift in Sources */ = {isa = PBXBuildFile; fileRef = AB4BB63323E06EF200772F6F /* ViewController.swift */; };
		AB4BB63723E06EF200772F6F /* Main.storyboard in Resources */ = {isa = PBXBuildFile; fileRef = AB4BB63523E06EF200772F6F /* Main.storyboard */; };
		AB4BB63923E06EF900772F6F /* Assets.xcassets in Resources */ = {isa = PBXBuildFile; fileRef = AB4BB63823E06EF900772F6F /* Assets.xcassets */; };
		AB4BB63C23E06EF900772F6F /* LaunchScreen.storyboard in Resources */ = {isa = PBXBuildFile; fileRef = AB4BB63A23E06EF900772F6F /* LaunchScreen.storyboard */; };
		AB4BB64723E06EF900772F6F /* myFirstAppTests.swift in Sources */ = {isa = PBXBuildFile; fileRef = AB4BB64623E06EF900772F6F /* myFirstAppTests.swift */; };
		AB4BB65223E06EF900772F6F /* myFirstAppUITests.swift in Sources */ = {isa = PBXBuildFile; fileRef = AB4BB65123E06EF900772F6F /* myFirstAppUITests.swift */; };
/* End PBXBuildFile section */

/* Begin PBXContainerItemProxy section */
		AB4BB64323E06EF900772F6F /* PBXContainerItemProxy */ = {
			isa = PBXContainerItemProxy;
			containerPortal = AB4BB62623E06EF200772F6F /* Project object */;
			proxyType = 1;
			remoteGlobalIDString = AB4BB62D23E06EF200772F6F;
			remoteInfo = myFirstApp;
		};
		AB4BB64E23E06EF900772F6F /* PBXContainerItemProxy */ = {
			isa = PBXContainerItemProxy;
			containerPortal = AB4BB62623E06EF200772F6F /* Project object */;
			proxyType = 1;
			remoteGlobalIDString = AB4BB62D23E06EF200772F6F;
			remoteInfo = myFirstApp;
		};
/* End PBXContainerItemProxy section */

/* Begin PBXFileReference section */
		AB4BB62E23E06EF200772F6F /* myFirstApp.app */ = {isa = PBXFileReference; explicitFileType = wrapper.application; includeInIndex = 0; path = myFirstApp.app; sourceTree = BUILT_PRODUCTS_DIR; };
		AB4BB63123E06EF200772F6F /* AppDelegate.swift */ = {isa = PBXFileReference; lastKnownFileType = sourcecode.swift; path = AppDelegate.swift; sourceTree = "<group>"; };
		AB4BB63323E06EF200772F6F /* ViewController.swift */ = {isa = PBXFileReference; lastKnownFileType = sourcecode.swift; path = ViewController.swift; sourceTree = "<group>"; };
		AB4BB63623E06EF200772F6F /* Base */ = {isa = PBXFileReference; lastKnownFileType = file.storyboard; name = Base; path = Base.lproj/Main.storyboard; sourceTree = "<group>"; };
		AB4BB63823E06EF900772F6F /* Assets.xcassets */ = {isa = PBXFileReference; lastKnownFileType = folder.assetcatalog; path = Assets.xcassets; sourceTree = "<group>"; };
		AB4BB63B23E06EF900772F6F /* Base */ = {isa = PBXFileReference; lastKnownFileType = file.storyboard; name = Base; path = Base.lproj/LaunchScreen.storyboard; sourceTree = "<group>"; };
		AB4BB63D23E06EF900772F6F /* Info.plist */ = {isa = PBXFileReference; lastKnownFileType = text.plist.xml; path = Info.plist; sourceTree = "<group>"; };
		AB4BB64223E06EF900772F6F /* myFirstAppTests.xctest */ = {isa = PBXFileReference; explicitFileType = wrapper.cfbundle; includeInIndex = 0; path = myFirstAppTests.xctest; sourceTree = BUILT_PRODUCTS_DIR; };
		AB4BB64623E06EF900772F6F /* myFirstAppTests.swift */ = {isa = PBXFileReference; lastKnownFileType = sourcecode.swift; path = myFirstAppTests.swift; sourceTree = "<group>"; };
		AB4BB64823E06EF900772F6F /* Info.plist */ = {isa = PBXFileReference; lastKnownFileType = text.plist.xml; path = Info.plist; sourceTree = "<group>"; };
		AB4BB64D23E06EF900772F6F /* myFirstAppUITests.xctest */ = {isa = PBXFileReference; explicitFileType = wrapper.cfbundle; includeInIndex = 0; path = myFirstAppUITests.xctest; sourceTree = BUILT_PRODUCTS_DIR; };
		AB4BB65123E06EF900772F6F /* myFirstAppUITests.swift */ = {isa = PBXFileReference; lastKnownFileType = sourcecode.swift; path = myFirstAppUITests.swift; sourceTree = "<group>"; };
		AB4BB65323E06EF900772F6F /* Info.plist */ = {isa = PBXFileReference; lastKnownFileType = text.plist.xml; path = Info.plist; sourceTree = "<group>"; };
/* End PBXFileReference section */

/* Begin PBXFrameworksBuildPhase section */
		AB4BB62B23E06EF200772F6F /* Frameworks */ = {
			isa = PBXFrameworksBuildPhase;
			buildActionMask = 2147483647;
			files = (
			);
			runOnlyForDeploymentPostprocessing = 0;
		};
		AB4BB63F23E06EF900772F6F /* Frameworks */ = {
			isa = PBXFrameworksBuildPhase;
			buildActionMask = 2147483647;
			files = (
			);
			runOnlyForDeploymentPostprocessing = 0;
		};
		AB4BB64A23E06EF900772F6F /* Frameworks */ = {
			isa = PBXFrameworksBuildPhase;
			buildActionMask = 2147483647;
			files = (
			);
			runOnlyForDeploymentPostprocessing = 0;
		};
/* End PBXFrameworksBuildPhase section */

/* Begin PBXGroup section */
		AB4BB62523E06EF200772F6F = {
			isa = PBXGroup;
			children = (
				AB4BB63023E06EF200772F6F /* myFirstApp */,
				AB4BB64523E06EF900772F6F /* myFirstAppTests */,
				AB4BB65023E06EF900772F6F /* myFirstAppUITests */,
				AB4BB62F23E06EF200772F6F /* Products */,
			);
			sourceTree = "<group>";
		};
		AB4BB62F23E06EF200772F6F /* Products */ = {
			isa = PBXGroup;
			children = (
				AB4BB62E23E06EF200772F6F /* myFirstApp.app */,
				AB4BB64223E06EF900772F6F /* myFirstAppTests.xctest */,
				AB4BB64D23E06EF900772F6F /* myFirstAppUITests.xctest */,
			);
			name = Products;
			sourceTree = "<group>";
		};
		AB4BB63023E06EF200772F6F /* myFirstApp */ = {
			isa = PBXGroup;
			children = (
				AB4BB63123E06EF200772F6F /* AppDelegate.swift */,
				AB4BB63323E06EF200772F6F /* ViewController.swift */,
				AB4BB63523E06EF200772F6F /* Main.storyboard */,
				AB4BB63823E06EF900772F6F /* Assets.xcassets */,
				AB4BB63A23E06EF900772F6F /* LaunchScreen.storyboard */,
				AB4BB63D23E06EF900772F6F /* Info.plist */,
			);
			path = myFirstApp;
			sourceTree = "<group>";
		};
		AB4BB64523E06EF900772F6F /* myFirstAppTests */ = {
			isa = PBXGroup;
			children = (
				AB4BB64623E06EF900772F6F /* myFirstAppTests.swift */,
				AB4BB64823E06EF900772F6F /* Info.plist */,
			);
			path = myFirstAppTests;
			sourceTree = "<group>";
		};
		AB4BB65023E06EF900772F6F /* myFirstAppUITests */ = {
			isa = PBXGroup;
			children = (
				AB4BB65123E06EF900772F6F /* myFirstAppUITests.swift */,
				AB4BB65323E06EF900772F6F /* Info.plist */,
			);
			path = myFirstAppUITests;
			sourceTree = "<group>";
		};
/* End PBXGroup section */

/* Begin PBXNativeTarget section */
		AB4BB62D23E06EF200772F6F /* myFirstApp */ = {
			isa = PBXNativeTarget;
			buildConfigurationList = AB4BB65623E06EF900772F6F /* Build configuration list for PBXNativeTarget "myFirstApp" */;
			buildPhases = (
				AB4BB62A23E06EF200772F6F /* Sources */,
				AB4BB62B23E06EF200772F6F /* Frameworks */,
				AB4BB62C23E06EF200772F6F /* Resources */,
			);
			buildRules = (
			);
			dependencies = (
			);
			name = myFirstApp;
			productName = myFirstApp;
			productReference = AB4BB62E23E06EF200772F6F /* myFirstApp.app */;
			productType = "com.apple.product-type.application";
		};
		AB4BB64123E06EF900772F6F /* myFirstAppTests */ = {
			isa = PBXNativeTarget;
			buildConfigurationList = AB4BB65923E06EF900772F6F /* Build configuration list for PBXNativeTarget "myFirstAppTests" */;
			buildPhases = (
				AB4BB63E23E06EF900772F6F /* Sources */,
				AB4BB63F23E06EF900772F6F /* Frameworks */,
				AB4BB64023E06EF900772F6F /* Resources */,
			);
			buildRules = (
			);
			dependencies = (
				AB4BB64423E06EF900772F6F /* PBXTargetDependency */,
			);
			name = myFirstAppTests;
			productName = myFirstAppTests;
			productReference = AB4BB64223E06EF900772F6F /* myFirstAppTests.xctest */;
			productType = "com.apple.product-type.bundle.unit-test";
		};
		AB4BB64C23E06EF900772F6F /* myFirstAppUITests */ = {
			isa = PBXNativeTarget;
			buildConfigurationList = AB4BB65C23E06EF900772F6F /* Build configuration list for PBXNativeTarget "myFirstAppUITests" */;
			buildPhases = (
				AB4BB64923E06EF900772F6F /* Sources */,
				AB4BB64A23E06EF900772F6F /* Frameworks */,
				AB4BB64B23E06EF900772F6F /* Resources */,
			);
			buildRules = (
			);
			dependencies = (
				AB4BB64F23E06EF900772F6F /* PBXTargetDependency */,
			);
			name = myFirstAppUITests;
			productName = myFirstAppUITests;
			productReference = AB4BB64D23E06EF900772F6F /* myFirstAppUITests.xctest */;
			productType = "com.apple.product-type.bundle.ui-testing";
		};
/* End PBXNativeTarget section */

/* Begin PBXProject section */
		AB4BB62623E06EF200772F6F /* Project object */ = {
			isa = PBXProject;
			attributes = {
				LastSwiftUpdateCheck = 1000;
				LastUpgradeCheck = 1000;
				ORGANIZATIONNAME = HBSIS;
				TargetAttributes = {
					AB4BB62D23E06EF200772F6F = {
						CreatedOnToolsVersion = 10.0;
					};
					AB4BB64123E06EF900772F6F = {
						CreatedOnToolsVersion = 10.0;
						TestTargetID = AB4BB62D23E06EF200772F6F;
					};
					AB4BB64C23E06EF900772F6F = {
						CreatedOnToolsVersion = 10.0;
						TestTargetID = AB4BB62D23E06EF200772F6F;
					};
				};
			};
			buildConfigurationList = AB4BB62923E06EF200772F6F /* Build configuration list for PBXProject "myFirstApp" */;
			compatibilityVersion = "Xcode 9.3";
			developmentRegion = en;
			hasScannedForEncodings = 0;
			knownRegions = (
				en,
				Base,
			);
			mainGroup = AB4BB62523E06EF200772F6F;
			productRefGroup = AB4BB62F23E06EF200772F6F /* Products */;
			projectDirPath = "";
			projectRoot = "";
			targets = (
				AB4BB62D23E06EF200772F6F /* myFirstApp */,
				AB4BB64123E06EF900772F6F /* myFirstAppTests */,
				AB4BB64C23E06EF900772F6F /* myFirstAppUITests */,
			);
		};
/* End PBXProject section */

/* Begin PBXResourcesBuildPhase section */
		AB4BB62C23E06EF200772F6F /* Resources */ = {
			isa = PBXResourcesBuildPhase;
			buildActionMask = 2147483647;
			files = (
				AB4BB63C23E06EF900772F6F /* LaunchScreen.storyboard in Resources */,
				AB4BB63923E06EF900772F6F /* Assets.xcassets in Resources */,
				AB4BB63723E06EF200772F6F /* Main.storyboard in Resources */,
			);
			runOnlyForDeploymentPostprocessing = 0;
		};
		AB4BB64023E06EF900772F6F /* Resources */ = {
			isa = PBXResourcesBuildPhase;
			buildActionMask = 2147483647;
			files = (
			);
			runOnlyForDeploymentPostprocessing = 0;
		};
		AB4BB64B23E06EF900772F6F /* Resources */ = {
			isa = PBXResourcesBuildPhase;
			buildActionMask = 2147483647;
			files = (
			);
			runOnlyForDeploymentPostprocessing = 0;
		};
/* End PBXResourcesBuildPhase section */

/* Begin PBXSourcesBuildPhase section */
		AB4BB62A23E06EF200772F6F /* Sources */ = {
			isa = PBXSourcesBuildPhase;
			buildActionMask = 2147483647;
			files = (
				AB4BB63423E06EF200772F6F /* ViewController.swift in Sources */,
				AB4BB63223E06EF200772F6F /* AppDelegate.swift in Sources */,
			);
			runOnlyForDeploymentPostprocessing = 0;
		};
		AB4BB63E23E06EF900772F6F /* Sources */ = {
			isa = PBXSourcesBuildPhase;
			buildActionMask = 2147483647;
			files = (
				AB4BB64723E06EF900772F6F /* myFirstAppTests.swift in Sources */,
			);
			runOnlyForDeploymentPostprocessing = 0;
		};
		AB4BB64923E06EF900772F6F /* Sources */ = {
			isa = PBXSourcesBuildPhase;
			buildActionMask = 2147483647;
			files = (
				AB4BB65223E06EF900772F6F /* myFirstAppUITests.swift in Sources */,
			);
			runOnlyForDeploymentPostprocessing = 0;
		};
/* End PBXSourcesBuildPhase section */

/* Begin PBXTargetDependency section */
		AB4BB64423E06EF900772F6F /* PBXTargetDependency */ = {
			isa = PBXTargetDependency;
			target = AB4BB62D23E06EF200772F6F /* myFirstApp */;
			targetProxy = AB4BB64323E06EF900772F6F /* PBXContainerItemProxy */;
		};
		AB4BB64F23E06EF900772F6F /* PBXTargetDependency */ = {
			isa = PBXTargetDependency;
			target = AB4BB62D23E06EF200772F6F /* myFirstApp */;
			targetProxy = AB4BB64E23E06EF900772F6F /* PBXContainerItemProxy */;
		};
/* End PBXTargetDependency section */

/* Begin PBXVariantGroup section */
		AB4BB63523E06EF200772F6F /* Main.storyboard */ = {
			isa = PBXVariantGroup;
			children = (
				AB4BB63623E06EF200772F6F /* Base */,
			);
			name = Main.storyboard;
			sourceTree = "<group>";
		};
		AB4BB63A23E06EF900772F6F /* LaunchScreen.storyboard */ = {
			isa = PBXVariantGroup;
			children = (
				AB4BB63B23E06EF900772F6F /* Base */,
			);
			name = LaunchScreen.storyboard;
			sourceTree = "<group>";
		};
/* End PBXVariantGroup section */

/* Begin XCBuildConfiguration section */
		AB4BB65423E06EF900772F6F /* Debug */ = {
			isa = XCBuildConfiguration;
			buildSettings = {
				ALWAYS_SEARCH_USER_PATHS = NO;
				CLANG_ANALYZER_NONNULL = YES;
				CLANG_ANALYZER_NUMBER_OBJECT_CONVERSION = YES_AGGRESSIVE;
				CLANG_CXX_LANGUAGE_STANDARD = "gnu++14";
				CLANG_CXX_LIBRARY = "libc++";
				CLANG_ENABLE_MODULES = YES;
				CLANG_ENABLE_OBJC_ARC = YES;
				CLANG_ENABLE_OBJC_WEAK = YES;
				CLANG_WARN_BLOCK_CAPTURE_AUTORELEASING = YES;
				CLANG_WARN_BOOL_CONVERSION = YES;
				CLANG_WARN_COMMA = YES;
				CLANG_WARN_CONSTANT_CONVERSION = YES;
				CLANG_WARN_DEPRECATED_OBJC_IMPLEMENTATIONS = YES;
				CLANG_WARN_DIRECT_OBJC_ISA_USAGE = YES_ERROR;
				CLANG_WARN_DOCUMENTATION_COMMENTS = YES;
				CLANG_WARN_EMPTY_BODY = YES;
				CLANG_WARN_ENUM_CONVERSION = YES;
				CLANG_WARN_INFINITE_RECURSION = YES;
				CLANG_WARN_INT_CONVERSION = YES;
				CLANG_WARN_NON_LITERAL_NULL_CONVERSION = YES;
				CLANG_WARN_OBJC_IMPLICIT_RETAIN_SELF = YES;
				CLANG_WARN_OBJC_LITERAL_CONVERSION = YES;
				CLANG_WARN_OBJC_ROOT_CLASS = YES_ERROR;
				CLANG_WARN_RANGE_LOOP_ANALYSIS = YES;
				CLANG_WARN_STRICT_PROTOTYPES = YES;
				CLANG_WARN_SUSPICIOUS_MOVE = YES;
				CLANG_WARN_UNGUARDED_AVAILABILITY = YES_AGGRESSIVE;
				CLANG_WARN_UNREACHABLE_CODE = YES;
				CLANG_WARN__DUPLICATE_METHOD_MATCH = YES;
				CODE_SIGN_IDENTITY = "iPhone Developer";
				COPY_PHASE_STRIP = NO;
				DEBUG_INFORMATION_FORMAT = dwarf;
				ENABLE_STRICT_OBJC_MSGSEND = YES;
				ENABLE_TESTABILITY = YES;
				GCC_C_LANGUAGE_STANDARD = gnu11;
				GCC_DYNAMIC_NO_PIC = NO;
				GCC_NO_COMMON_BLOCKS = YES;
				GCC_OPTIMIZATION_LEVEL = 0;
				GCC_PREPROCESSOR_DEFINITIONS = (
					"DEBUG=1",
					"$(inherited)",
				);
				GCC_WARN_64_TO_32_BIT_CONVERSION = YES;
				GCC_WARN_ABOUT_RETURN_TYPE = YES_ERROR;
				GCC_WARN_UNDECLARED_SELECTOR = YES;
				GCC_WARN_UNINITIALIZED_AUTOS = YES_AGGRESSIVE;
				GCC_WARN_UNUSED_FUNCTION = YES;
				GCC_WARN_UNUSED_VARIABLE = YES;
				IPHONEOS_DEPLOYMENT_TARGET = 12.0;
				MTL_ENABLE_DEBUG_INFO = INCLUDE_SOURCE;
				MTL_FAST_MATH = YES;
				ONLY_ACTIVE_ARCH = YES;
				SDKROOT = iphoneos;
				SWIFT_ACTIVE_COMPILATION_CONDITIONS = DEBUG;
				SWIFT_OPTIMIZATION_LEVEL = "-Onone";
			};
			name = Debug;
		};
		AB4BB65523E06EF900772F6F /* Release */ = {
			isa = XCBuildConfiguration;
			buildSettings = {
				ALWAYS_SEARCH_USER_PATHS = NO;
				CLANG_ANALYZER_NONNULL = YES;
				CLANG_ANALYZER_NUMBER_OBJECT_CONVERSION = YES_AGGRESSIVE;
				CLANG_CXX_LANGUAGE_STANDARD = "gnu++14";
				CLANG_CXX_LIBRARY = "libc++";
				CLANG_ENABLE_MODULES = YES;
				CLANG_ENABLE_OBJC_ARC = YES;
				CLANG_ENABLE_OBJC_WEAK = YES;
				CLANG_WARN_BLOCK_CAPTURE_AUTORELEASING = YES;
				CLANG_WARN_BOOL_CONVERSION = YES;
				CLANG_WARN_COMMA = YES;
				CLANG_WARN_CONSTANT_CONVERSION = YES;
				CLANG_WARN_DEPRECATED_OBJC_IMPLEMENTATIONS = YES;
				CLANG_WARN_DIRECT_OBJC_ISA_USAGE = YES_ERROR;
				CLANG_WARN_DOCUMENTATION_COMMENTS = YES;
				CLANG_WARN_EMPTY_BODY = YES;
				CLANG_WARN_ENUM_CONVERSION = YES;
				CLANG_WARN_INFINITE_RECURSION = YES;
				CLANG_WARN_INT_CONVERSION = YES;
				CLANG_WARN_NON_LITERAL_NULL_CONVERSION = YES;
				CLANG_WARN_OBJC_IMPLICIT_RETAIN_SELF = YES;
				CLANG_WARN_OBJC_LITERAL_CONVERSION = YES;
				CLANG_WARN_OBJC_ROOT_CLASS = YES_ERROR;
				CLANG_WARN_RANGE_LOOP_ANALYSIS = YES;
				CLANG_WARN_STRICT_PROTOTYPES = YES;
				CLANG_WARN_SUSPICIOUS_MOVE = YES;
				CLANG_WARN_UNGUARDED_AVAILABILITY = YES_AGGRESSIVE;
				CLANG_WARN_UNREACHABLE_CODE = YES;
				CLANG_WARN__DUPLICATE_METHOD_MATCH = YES;
				CODE_SIGN_IDENTITY = "iPhone Developer";
				COPY_PHASE_STRIP = NO;
				DEBUG_INFORMATION_FORMAT = "dwarf-with-dsym";
				ENABLE_NS_ASSERTIONS = NO;
				ENABLE_STRICT_OBJC_MSGSEND = YES;
				GCC_C_LANGUAGE_STANDARD = gnu11;
				GCC_NO_COMMON_BLOCKS = YES;
				GCC_WARN_64_TO_32_BIT_CONVERSION = YES;
				GCC_WARN_ABOUT_RETURN_TYPE = YES_ERROR;
				GCC_WARN_UNDECLARED_SELECTOR = YES;
				GCC_WARN_UNINITIALIZED_AUTOS = YES_AGGRESSIVE;
				GCC_WARN_UNUSED_FUNCTION = YES;
				GCC_WARN_UNUSED_VARIABLE = YES;
				IPHONEOS_DEPLOYMENT_TARGET = 12.0;
				MTL_ENABLE_DEBUG_INFO = NO;
				MTL_FAST_MATH = YES;
				SDKROOT = iphoneos;
				SWIFT_COMPILATION_MODE = wholemodule;
				SWIFT_OPTIMIZATION_LEVEL = "-O";
				VALIDATE_PRODUCT = YES;
			};
			name = Release;
		};
		AB4BB65723E06EF900772F6F /* Debug */ = {
			isa = XCBuildConfiguration;
			buildSettings = {
				ASSETCATALOG_COMPILER_APPICON_NAME = AppIcon;
				CODE_SIGN_STYLE = Automatic;
				INFOPLIST_FILE = myFirstApp/Info.plist;
				LD_RUNPATH_SEARCH_PATHS = (
					"$(inherited)",
					"@executable_path/Frameworks",
				);
				PRODUCT_BUNDLE_IDENTIFIER = com.hbsis.padawans.myFirstApp;
				PRODUCT_NAME = "$(TARGET_NAME)";
				SWIFT_VERSION = 4.2;
				TARGETED_DEVICE_FAMILY = "1,2";
			};
			name = Debug;
		};
		AB4BB65823E06EF900772F6F /* Release */ = {
			isa = XCBuildConfiguration;
			buildSettings = {
				ASSETCATALOG_COMPILER_APPICON_NAME = AppIcon;
				CODE_SIGN_STYLE = Automatic;
				INFOPLIST_FILE = myFirstApp/Info.plist;
				LD_RUNPATH_SEARCH_PATHS = (
					"$(inherited)",
					"@executable_path/Frameworks",
				);
				PRODUCT_BUNDLE_IDENTIFIER = com.hbsis.padawans.myFirstApp;
				PRODUCT_NAME = "$(TARGET_NAME)";
				SWIFT_VERSION = 4.2;
				TARGETED_DEVICE_FAMILY = "1,2";
			};
			name = Release;
		};
		AB4BB65A23E06EF900772F6F /* Debug */ = {
			isa = XCBuildConfiguration;
			buildSettings = {
				ALWAYS_EMBED_SWIFT_STANDARD_LIBRARIES = YES;
				BUNDLE_LOADER = "$(TEST_HOST)";
				CODE_SIGN_STYLE = Automatic;
				INFOPLIST_FILE = myFirstAppTests/Info.plist;
				LD_RUNPATH_SEARCH_PATHS = (
					"$(inherited)",
					"@executable_path/Frameworks",
					"@loader_path/Frameworks",
				);
				PRODUCT_BUNDLE_IDENTIFIER = com.hbsis.padawans.myFirstAppTests;
				PRODUCT_NAME = "$(TARGET_NAME)";
				SWIFT_VERSION = 4.2;
				TARGETED_DEVICE_FAMILY = "1,2";
				TEST_HOST = "$(BUILT_PRODUCTS_DIR)/myFirstApp.app/myFirstApp";
			};
			name = Debug;
		};
		AB4BB65B23E06EF900772F6F /* Release */ = {
			isa = XCBuildConfiguration;
			buildSettings = {
				ALWAYS_EMBED_SWIFT_STANDARD_LIBRARIES = YES;
				BUNDLE_LOADER = "$(TEST_HOST)";
				CODE_SIGN_STYLE = Automatic;
				INFOPLIST_FILE = myFirstAppTests/Info.plist;
				LD_RUNPATH_SEARCH_PATHS = (
					"$(inherited)",
					"@executable_path/Frameworks",
					"@loader_path/Frameworks",
				);
				PRODUCT_BUNDLE_IDENTIFIER = com.hbsis.padawans.myFirstAppTests;
				PRODUCT_NAME = "$(TARGET_NAME)";
				SWIFT_VERSION = 4.2;
				TARGETED_DEVICE_FAMILY = "1,2";
				TEST_HOST = "$(BUILT_PRODUCTS_DIR)/myFirstApp.app/myFirstApp";
			};
			name = Release;
		};
		AB4BB65D23E06EF900772F6F /* Debug */ = {
			isa = XCBuildConfiguration;
			buildSettings = {
				ALWAYS_EMBED_SWIFT_STANDARD_LIBRARIES = YES;
				CODE_SIGN_STYLE = Automatic;
				INFOPLIST_FILE = myFirstAppUITests/Info.plist;
				LD_RUNPATH_SEARCH_PATHS = (
					"$(inherited)",
					"@executable_path/Frameworks",
					"@loader_path/Frameworks",
				);
				PRODUCT_BUNDLE_IDENTIFIER = com.hbsis.padawans.myFirstAppUITests;
				PRODUCT_NAME = "$(TARGET_NAME)";
				SWIFT_VERSION = 4.2;
				TARGETED_DEVICE_FAMILY = "1,2";
				TEST_TARGET_NAME = myFirstApp;
			};
			name = Debug;
		};
		AB4BB65E23E06EF900772F6F /* Release */ = {
			isa = XCBuildConfiguration;
			buildSettings = {
				ALWAYS_EMBED_SWIFT_STANDARD_LIBRARIES = YES;
				CODE_SIGN_STYLE = Automatic;
				INFOPLIST_FILE = myFirstAppUITests/Info.plist;
				LD_RUNPATH_SEARCH_PATHS = (
					"$(inherited)",
					"@executable_path/Frameworks",
					"@loader_path/Frameworks",
				);
				PRODUCT_BUNDLE_IDENTIFIER = com.hbsis.padawans.myFirstAppUITests;
				PRODUCT_NAME = "$(TARGET_NAME)";
				SWIFT_VERSION = 4.2;
				TARGETED_DEVICE_FAMILY = "1,2";
				TEST_TARGET_NAME = myFirstApp;
			};
			name = Release;
		};
/* End XCBuildConfiguration section */

/* Begin XCConfigurationList section */
		AB4BB62923E06EF200772F6F /* Build configuration list for PBXProject "myFirstApp" */ = {
			isa = XCConfigurationList;
			buildConfigurations = (
				AB4BB65423E06EF900772F6F /* Debug */,
				AB4BB65523E06EF900772F6F /* Release */,
			);
			defaultConfigurationIsVisible = 0;
			defaultConfigurationName = Release;
		};
		AB4BB65623E06EF900772F6F /* Build configuration list for PBXNativeTarget "myFirstApp" */ = {
			isa = XCConfigurationList;
			buildConfigurations = (
				AB4BB65723E06EF900772F6F /* Debug */,
				AB4BB65823E06EF900772F6F /* Release */,
			);
			defaultConfigurationIsVisible = 0;
			defaultConfigurationName = Release;
		};
		AB4BB65923E06EF900772F6F /* Build configuration list for PBXNativeTarget "myFirstAppTests" */ = {
			isa = XCConfigurationList;
			buildConfigurations = (
				AB4BB65A23E06EF900772F6F /* Debug */,
				AB4BB65B23E06EF900772F6F /* Release */,
			);
			defaultConfigurationIsVisible = 0;
			defaultConfigurationName = Release;
		};
		AB4BB65C23E06EF900772F6F /* Build configuration list for PBXNativeTarget "myFirstAppUITests" */ = {
			isa = XCConfigurationList;
			buildConfigurations = (
				AB4BB65D23E06EF900772F6F /* Debug */,
				AB4BB65E23E06EF900772F6F /* Release */,
			);
			defaultConfigurationIsVisible = 0;
			defaultConfigurationName = Release;
		};
/* End XCConfigurationList section */
	};
	rootObject = AB4BB62623E06EF200772F6F /* Project object */;
}
